
Microsoft Visual Studio Solution File, Format Version 12.00
# Visual Studio Version 16
VisualStudioVersion = 16.0.31729.503
MinimumVisualStudioVersion = 10.0.40219.1
Project("{FAE04EC0-301F-11D3-BF4B-00C04F79EFBC}") = "TPLaboratorio2", "TPLaboratorio2\TPLaboratorio2.csproj", "{AC76E8C9-68FD-42C9-802E-72077B28D5CF}"
EndProject
Global
	GlobalSection(SolutionConfigurationPlatforms) = preSolution
		Debug|Any CPU = Debug|Any CPU
		Release|Any CPU = Release|Any CPU
	EndGlobalSection
	GlobalSection(ProjectConfigurationPlatforms) = postSolution
		{AC76E8C9-68FD-42C9-802E-72077B28D5CF}.Debug|Any CPU.ActiveCfg = Debug|Any CPU
		{AC76E8C9-68FD-42C9-802E-72077B28D5CF}.Debug|Any CPU.Build.0 = Debug|Any CPU
		{AC76E8C9-68FD-42C9-802E-72077B28D5CF}.Release|Any CPU.ActiveCfg = Release|Any CPU
		{AC76E8C9-68FD-42C9-802E-72077B28D5CF}.Release|Any CPU.Build.0 = Release|Any CPU
	EndGlobalSection
	GlobalSection(SolutionProperties) = preSolution
		HideSolutionNode = FALSE
	EndGlobalSection
	GlobalSection(ExtensibilityGlobals) = postSolution
		SolutionGuid = {4630E23B-E4A6-480B-B717-CE3D42D5637F}
	EndGlobalSection
EndGlobal
